// !$*UTF8*$!
{
	archiveVersion = 1;
	classes = {
	};
	objectVersion = 46;
	objects = {

/* Begin PBXBuildFile section */
		F6DD14D41C6916AD000FBEF4 /* AppDelegate.swift in Sources */ = {isa = PBXBuildFile; fileRef = F6DD14D31C6916AD000FBEF4 /* AppDelegate.swift */; };
		F6DD14D61C6916AD000FBEF4 /* ViewController.swift in Sources */ = {isa = PBXBuildFile; fileRef = F6DD14D51C6916AD000FBEF4 /* ViewController.swift */; };
		F6DD14D91C6916AD000FBEF4 /* Main.storyboard in Resources */ = {isa = PBXBuildFile; fileRef = F6DD14D71C6916AD000FBEF4 /* Main.storyboard */; };
		F6DD14DB1C6916AD000FBEF4 /* Assets.xcassets in Resources */ = {isa = PBXBuildFile; fileRef = F6DD14DA1C6916AD000FBEF4 /* Assets.xcassets */; };
		F6DD14DE1C6916AD000FBEF4 /* LaunchScreen.storyboard in Resources */ = {isa = PBXBuildFile; fileRef = F6DD14DC1C6916AD000FBEF4 /* LaunchScreen.storyboard */; };
		F6DD14E31C6916AD000FBEF4 /* SendMessage WatchKit App.app in Embed Watch Content */ = {isa = PBXBuildFile; fileRef = F6DD14E21C6916AD000FBEF4 /* SendMessage WatchKit App.app */; };
		F6DD14E91C6916AD000FBEF4 /* Interface.storyboard in Resources */ = {isa = PBXBuildFile; fileRef = F6DD14E71C6916AD000FBEF4 /* Interface.storyboard */; };
		F6DD14EB1C6916AD000FBEF4 /* Assets.xcassets in Resources */ = {isa = PBXBuildFile; fileRef = F6DD14EA1C6916AD000FBEF4 /* Assets.xcassets */; };
		F6DD14F21C6916AD000FBEF4 /* SendMessage WatchKit Extension.appex in Embed App Extensions */ = {isa = PBXBuildFile; fileRef = F6DD14F11C6916AD000FBEF4 /* SendMessage WatchKit Extension.appex */; settings = {ATTRIBUTES = (RemoveHeadersOnCopy, ); }; };
		F6DD14F71C6916AD000FBEF4 /* InterfaceController.swift in Sources */ = {isa = PBXBuildFile; fileRef = F6DD14F61C6916AD000FBEF4 /* InterfaceController.swift */; };
		F6DD14F91C6916AD000FBEF4 /* ExtensionDelegate.swift in Sources */ = {isa = PBXBuildFile; fileRef = F6DD14F81C6916AD000FBEF4 /* ExtensionDelegate.swift */; };
		F6DD14FB1C6916AD000FBEF4 /* Assets.xcassets in Resources */ = {isa = PBXBuildFile; fileRef = F6DD14FA1C6916AD000FBEF4 /* Assets.xcassets */; };
/* End PBXBuildFile section */

/* Begin PBXContainerItemProxy section */
		F6DD14E41C6916AD000FBEF4 /* PBXContainerItemProxy */ = {
			isa = PBXContainerItemProxy;
			containerPortal = F6DD14C81C6916AD000FBEF4 /* Project object */;
			proxyType = 1;
			remoteGlobalIDString = F6DD14E11C6916AD000FBEF4;
			remoteInfo = "SendMessage WatchKit App";
		};
		F6DD14F31C6916AD000FBEF4 /* PBXContainerItemProxy */ = {
			isa = PBXContainerItemProxy;
			containerPortal = F6DD14C81C6916AD000FBEF4 /* Project object */;
			proxyType = 1;
			remoteGlobalIDString = F6DD14F01C6916AD000FBEF4;
			remoteInfo = "SendMessage WatchKit Extension";
		};
/* End PBXContainerItemProxy section */

/* Begin PBXCopyFilesBuildPhase section */
		F6DD15021C6916AD000FBEF4 /* Embed App Extensions */ = {
			isa = PBXCopyFilesBuildPhase;
			buildActionMask = 2147483647;
			dstPath = "";
			dstSubfolderSpec = 13;
			files = (
				F6DD14F21C6916AD000FBEF4 /* SendMessage WatchKit Extension.appex in Embed App Extensions */,
			);
			name = "Embed App Extensions";
			runOnlyForDeploymentPostprocessing = 0;
		};
		F6DD15061C6916AD000FBEF4 /* Embed Watch Content */ = {
			isa = PBXCopyFilesBuildPhase;
			buildActionMask = 2147483647;
			dstPath = "$(CONTENTS_FOLDER_PATH)/Watch";
			dstSubfolderSpec = 16;
			files = (
				F6DD14E31C6916AD000FBEF4 /* SendMessage WatchKit App.app in Embed Watch Content */,
			);
			name = "Embed Watch Content";
			runOnlyForDeploymentPostprocessing = 0;
		};
/* End PBXCopyFilesBuildPhase section */

/* Begin PBXFileReference section */
		F6DD14D01C6916AD000FBEF4 /* SendMessage.app */ = {isa = PBXFileReference; explicitFileType = wrapper.application; includeInIndex = 0; path = SendMessage.app; sourceTree = BUILT_PRODUCTS_DIR; };
		F6DD14D31C6916AD000FBEF4 /* AppDelegate.swift */ = {isa = PBXFileReference; lastKnownFileType = sourcecode.swift; path = AppDelegate.swift; sourceTree = "<group>"; };
		F6DD14D51C6916AD000FBEF4 /* ViewController.swift */ = {isa = PBXFileReference; lastKnownFileType = sourcecode.swift; path = ViewController.swift; sourceTree = "<group>"; };
		F6DD14D81C6916AD000FBEF4 /* Base */ = {isa = PBXFileReference; lastKnownFileType = file.storyboard; name = Base; path = Base.lproj/Main.storyboard; sourceTree = "<group>"; };
		F6DD14DA1C6916AD000FBEF4 /* Assets.xcassets */ = {isa = PBXFileReference; lastKnownFileType = folder.assetcatalog; path = Assets.xcassets; sourceTree = "<group>"; };
		F6DD14DD1C6916AD000FBEF4 /* Base */ = {isa = PBXFileReference; lastKnownFileType = file.storyboard; name = Base; path = Base.lproj/LaunchScreen.storyboard; sourceTree = "<group>"; };
		F6DD14DF1C6916AD000FBEF4 /* Info.plist */ = {isa = PBXFileReference; lastKnownFileType = text.plist.xml; path = Info.plist; sourceTree = "<group>"; };
		F6DD14E21C6916AD000FBEF4 /* SendMessage WatchKit App.app */ = {isa = PBXFileReference; explicitFileType = wrapper.application; includeInIndex = 0; path = "SendMessage WatchKit App.app"; sourceTree = BUILT_PRODUCTS_DIR; };
		F6DD14E81C6916AD000FBEF4 /* Base */ = {isa = PBXFileReference; lastKnownFileType = file.storyboard; name = Base; path = Base.lproj/Interface.storyboard; sourceTree = "<group>"; };
		F6DD14EA1C6916AD000FBEF4 /* Assets.xcassets */ = {isa = PBXFileReference; lastKnownFileType = folder.assetcatalog; path = Assets.xcassets; sourceTree = "<group>"; };
		F6DD14EC1C6916AD000FBEF4 /* Info.plist */ = {isa = PBXFileReference; lastKnownFileType = text.plist.xml; path = Info.plist; sourceTree = "<group>"; };
		F6DD14F11C6916AD000FBEF4 /* SendMessage WatchKit Extension.appex */ = {isa = PBXFileReference; explicitFileType = "wrapper.app-extension"; includeInIndex = 0; path = "SendMessage WatchKit Extension.appex"; sourceTree = BUILT_PRODUCTS_DIR; };
		F6DD14F61C6916AD000FBEF4 /* InterfaceController.swift */ = {isa = PBXFileReference; lastKnownFileType = sourcecode.swift; path = InterfaceController.swift; sourceTree = "<group>"; };
		F6DD14F81C6916AD000FBEF4 /* ExtensionDelegate.swift */ = {isa = PBXFileReference; lastKnownFileType = sourcecode.swift; path = ExtensionDelegate.swift; sourceTree = "<group>"; };
		F6DD14FA1C6916AD000FBEF4 /* Assets.xcassets */ = {isa = PBXFileReference; lastKnownFileType = folder.assetcatalog; path = Assets.xcassets; sourceTree = "<group>"; };
		F6DD14FC1C6916AD000FBEF4 /* Info.plist */ = {isa = PBXFileReference; lastKnownFileType = text.plist.xml; path = Info.plist; sourceTree = "<group>"; };
/* End PBXFileReference section */

/* Begin PBXFrameworksBuildPhase section */
		F6DD14CD1C6916AD000FBEF4 /* Frameworks */ = {
			isa = PBXFrameworksBuildPhase;
			buildActionMask = 2147483647;
			files = (
			);
			runOnlyForDeploymentPostprocessing = 0;
		};
		F6DD14EE1C6916AD000FBEF4 /* Frameworks */ = {
			isa = PBXFrameworksBuildPhase;
			buildActionMask = 2147483647;
			files = (
			);
			runOnlyForDeploymentPostprocessing = 0;
		};
/* End PBXFrameworksBuildPhase section */

/* Begin PBXGroup section */
		F6DD14C71C6916AD000FBEF4 = {
			isa = PBXGroup;
			children = (
				F6DD14D21C6916AD000FBEF4 /* SendMessage */,
				F6DD14E61C6916AD000FBEF4 /* SendMessage WatchKit App */,
				F6DD14F51C6916AD000FBEF4 /* SendMessage WatchKit Extension */,
				F6DD14D11C6916AD000FBEF4 /* Products */,
			);
			sourceTree = "<group>";
		};
		F6DD14D11C6916AD000FBEF4 /* Products */ = {
			isa = PBXGroup;
			children = (
				F6DD14D01C6916AD000FBEF4 /* SendMessage.app */,
				F6DD14E21C6916AD000FBEF4 /* SendMessage WatchKit App.app */,
				F6DD14F11C6916AD000FBEF4 /* SendMessage WatchKit Extension.appex */,
			);
			name = Products;
			sourceTree = "<group>";
		};
		F6DD14D21C6916AD000FBEF4 /* SendMessage */ = {
			isa = PBXGroup;
			children = (
				F6DD14D31C6916AD000FBEF4 /* AppDelegate.swift */,
				F6DD14D51C6916AD000FBEF4 /* ViewController.swift */,
				F6DD14D71C6916AD000FBEF4 /* Main.storyboard */,
				F6DD14DA1C6916AD000FBEF4 /* Assets.xcassets */,
				F6DD14DC1C6916AD000FBEF4 /* LaunchScreen.storyboard */,
				F6DD14DF1C6916AD000FBEF4 /* Info.plist */,
			);
			path = SendMessage;
			sourceTree = "<group>";
		};
		F6DD14E61C6916AD000FBEF4 /* SendMessage WatchKit App */ = {
			isa = PBXGroup;
			children = (
				F6DD14E71C6916AD000FBEF4 /* Interface.storyboard */,
				F6DD14EA1C6916AD000FBEF4 /* Assets.xcassets */,
				F6DD14EC1C6916AD000FBEF4 /* Info.plist */,
			);
			path = "SendMessage WatchKit App";
			sourceTree = "<group>";
		};
		F6DD14F51C6916AD000FBEF4 /* SendMessage WatchKit Extension */ = {
			isa = PBXGroup;
			children = (
				F6DD14F61C6916AD000FBEF4 /* InterfaceController.swift */,
				F6DD14F81C6916AD000FBEF4 /* ExtensionDelegate.swift */,
				F6DD14FA1C6916AD000FBEF4 /* Assets.xcassets */,
				F6DD14FC1C6916AD000FBEF4 /* Info.plist */,
			);
			path = "SendMessage WatchKit Extension";
			sourceTree = "<group>";
		};
/* End PBXGroup section */

/* Begin PBXNativeTarget section */
		F6DD14CF1C6916AD000FBEF4 /* SendMessage */ = {
			isa = PBXNativeTarget;
			buildConfigurationList = F6DD15071C6916AD000FBEF4 /* Build configuration list for PBXNativeTarget "SendMessage" */;
			buildPhases = (
				F6DD14CC1C6916AD000FBEF4 /* Sources */,
				F6DD14CD1C6916AD000FBEF4 /* Frameworks */,
				F6DD14CE1C6916AD000FBEF4 /* Resources */,
				F6DD15061C6916AD000FBEF4 /* Embed Watch Content */,
			);
			buildRules = (
			);
			dependencies = (
				F6DD14E51C6916AD000FBEF4 /* PBXTargetDependency */,
			);
			name = SendMessage;
			productName = SendMessage;
			productReference = F6DD14D01C6916AD000FBEF4 /* SendMessage.app */;
			productType = "com.apple.product-type.application";
		};
		F6DD14E11C6916AD000FBEF4 /* SendMessage WatchKit App */ = {
			isa = PBXNativeTarget;
			buildConfigurationList = F6DD15031C6916AD000FBEF4 /* Build configuration list for PBXNativeTarget "SendMessage WatchKit App" */;
			buildPhases = (
				F6DD14E01C6916AD000FBEF4 /* Resources */,
				F6DD15021C6916AD000FBEF4 /* Embed App Extensions */,
			);
			buildRules = (
			);
			dependencies = (
				F6DD14F41C6916AD000FBEF4 /* PBXTargetDependency */,
			);
			name = "SendMessage WatchKit App";
			productName = "SendMessage WatchKit App";
			productReference = F6DD14E21C6916AD000FBEF4 /* SendMessage WatchKit App.app */;
			productType = "com.apple.product-type.application.watchapp2";
		};
		F6DD14F01C6916AD000FBEF4 /* SendMessage WatchKit Extension */ = {
			isa = PBXNativeTarget;
			buildConfigurationList = F6DD14FF1C6916AD000FBEF4 /* Build configuration list for PBXNativeTarget "SendMessage WatchKit Extension" */;
			buildPhases = (
				F6DD14ED1C6916AD000FBEF4 /* Sources */,
				F6DD14EE1C6916AD000FBEF4 /* Frameworks */,
				F6DD14EF1C6916AD000FBEF4 /* Resources */,
			);
			buildRules = (
			);
			dependencies = (
			);
			name = "SendMessage WatchKit Extension";
			productName = "SendMessage WatchKit Extension";
			productReference = F6DD14F11C6916AD000FBEF4 /* SendMessage WatchKit Extension.appex */;
			productType = "com.apple.product-type.watchkit2-extension";
		};
/* End PBXNativeTarget section */

/* Begin PBXProject section */
		F6DD14C81C6916AD000FBEF4 /* Project object */ = {
			isa = PBXProject;
			attributes = {
				LastSwiftUpdateCheck = 0720;
				LastUpgradeCheck = 0720;
				ORGANIZATIONNAME = TouchTap;
				TargetAttributes = {
					F6DD14CF1C6916AD000FBEF4 = {
						CreatedOnToolsVersion = 7.2.1;
					};
					F6DD14E11C6916AD000FBEF4 = {
						CreatedOnToolsVersion = 7.2.1;
					};
					F6DD14F01C6916AD000FBEF4 = {
						CreatedOnToolsVersion = 7.2.1;
					};
				};
			};
			buildConfigurationList = F6DD14CB1C6916AD000FBEF4 /* Build configuration list for PBXProject "SendMessage" */;
			compatibilityVersion = "Xcode 3.2";
			developmentRegion = English;
			hasScannedForEncodings = 0;
			knownRegions = (
				en,
				Base,
			);
			mainGroup = F6DD14C71C6916AD000FBEF4;
			productRefGroup = F6DD14D11C6916AD000FBEF4 /* Products */;
			projectDirPath = "";
			projectRoot = "";
			targets = (
				F6DD14CF1C6916AD000FBEF4 /* SendMessage */,
				F6DD14E11C6916AD000FBEF4 /* SendMessage WatchKit App */,
				F6DD14F01C6916AD000FBEF4 /* SendMessage WatchKit Extension */,
			);
		};
/* End PBXProject section */

/* Begin PBXResourcesBuildPhase section */
		F6DD14CE1C6916AD000FBEF4 /* Resources */ = {
			isa = PBXResourcesBuildPhase;
			buildActionMask = 2147483647;
			files = (
				F6DD14DE1C6916AD000FBEF4 /* LaunchScreen.storyboard in Resources */,
				F6DD14DB1C6916AD000FBEF4 /* Assets.xcassets in Resources */,
				F6DD14D91C6916AD000FBEF4 /* Main.storyboard in Resources */,
			);
			runOnlyForDeploymentPostprocessing = 0;
		};
		F6DD14E01C6916AD000FBEF4 /* Resources */ = {
			isa = PBXResourcesBuildPhase;
			buildActionMask = 2147483647;
			files = (
				F6DD14EB1C6916AD000FBEF4 /* Assets.xcassets in Resources */,
				F6DD14E91C6916AD000FBEF4 /* Interface.storyboard in Resources */,
			);
			runOnlyForDeploymentPostprocessing = 0;
		};
		F6DD14EF1C6916AD000FBEF4 /* Resources */ = {
			isa = PBXResourcesBuildPhase;
			buildActionMask = 2147483647;
			files = (
				F6DD14FB1C6916AD000FBEF4 /* Assets.xcassets in Resources */,
			);
			runOnlyForDeploymentPostprocessing = 0;
		};
/* End PBXResourcesBuildPhase section */

/* Begin PBXSourcesBuildPhase section */
		F6DD14CC1C6916AD000FBEF4 /* Sources */ = {
			isa = PBXSourcesBuildPhase;
			buildActionMask = 2147483647;
			files = (
				F6DD14D61C6916AD000FBEF4 /* ViewController.swift in Sources */,
				F6DD14D41C6916AD000FBEF4 /* AppDelegate.swift in Sources */,
			);
			runOnlyForDeploymentPostprocessing = 0;
		};
		F6DD14ED1C6916AD000FBEF4 /* Sources */ = {
			isa = PBXSourcesBuildPhase;
			buildActionMask = 2147483647;
			files = (
				F6DD14F91C6916AD000FBEF4 /* ExtensionDelegate.swift in Sources */,
				F6DD14F71C6916AD000FBEF4 /* InterfaceController.swift in Sources */,
			);
			runOnlyForDeploymentPostprocessing = 0;
		};
/* End PBXSourcesBuildPhase section */

/* Begin PBXTargetDependency section */
		F6DD14E51C6916AD000FBEF4 /* PBXTargetDependency */ = {
			isa = PBXTargetDependency;
			target = F6DD14E11C6916AD000FBEF4 /* SendMessage WatchKit App */;
			targetProxy = F6DD14E41C6916AD000FBEF4 /* PBXContainerItemProxy */;
		};
		F6DD14F41C6916AD000FBEF4 /* PBXTargetDependency */ = {
			isa = PBXTargetDependency;
			target = F6DD14F01C6916AD000FBEF4 /* SendMessage WatchKit Extension */;
			targetProxy = F6DD14F31C6916AD000FBEF4 /* PBXContainerItemProxy */;
		};
/* End PBXTargetDependency section */

/* Begin PBXVariantGroup section */
		F6DD14D71C6916AD000FBEF4 /* Main.storyboard */ = {
			isa = PBXVariantGroup;
			children = (
				F6DD14D81C6916AD000FBEF4 /* Base */,
			);
			name = Main.storyboard;
			sourceTree = "<group>";
		};
		F6DD14DC1C6916AD000FBEF4 /* LaunchScreen.storyboard */ = {
			isa = PBXVariantGroup;
			children = (
				F6DD14DD1C6916AD000FBEF4 /* Base */,
			);
			name = LaunchScreen.storyboard;
			sourceTree = "<group>";
		};
		F6DD14E71C6916AD000FBEF4 /* Interface.storyboard */ = {
			isa = PBXVariantGroup;
			children = (
				F6DD14E81C6916AD000FBEF4 /* Base */,
			);
			name = Interface.storyboard;
			sourceTree = "<group>";
		};
/* End PBXVariantGroup section */

/* Begin XCBuildConfiguration section */
		F6DD14FD1C6916AD000FBEF4 /* Debug */ = {
			isa = XCBuildConfiguration;
			buildSettings = {
				ALWAYS_SEARCH_USER_PATHS = NO;
				CLANG_CXX_LANGUAGE_STANDARD = "gnu++0x";
				CLANG_CXX_LIBRARY = "libc++";
				CLANG_ENABLE_MODULES = YES;
				CLANG_ENABLE_OBJC_ARC = YES;
				CLANG_WARN_BOOL_CONVERSION = YES;
				CLANG_WARN_CONSTANT_CONVERSION = YES;
				CLANG_WARN_DIRECT_OBJC_ISA_USAGE = YES_ERROR;
				CLANG_WARN_EMPTY_BODY = YES;
				CLANG_WARN_ENUM_CONVERSION = YES;
				CLANG_WARN_INT_CONVERSION = YES;
				CLANG_WARN_OBJC_ROOT_CLASS = YES_ERROR;
				CLANG_WARN_UNREACHABLE_CODE = YES;
				CLANG_WARN__DUPLICATE_METHOD_MATCH = YES;
				"CODE_SIGN_IDENTITY[sdk=iphoneos*]" = "iPhone Developer";
				COPY_PHASE_STRIP = NO;
				DEBUG_INFORMATION_FORMAT = dwarf;
				ENABLE_STRICT_OBJC_MSGSEND = YES;
				ENABLE_TESTABILITY = YES;
				GCC_C_LANGUAGE_STANDARD = gnu99;
				GCC_DYNAMIC_NO_PIC = NO;
				GCC_NO_COMMON_BLOCKS = YES;
				GCC_OPTIMIZATION_LEVEL = 0;
				GCC_PREPROCESSOR_DEFINITIONS = (
					"DEBUG=1",
					"$(inherited)",
				);
				GCC_WARN_64_TO_32_BIT_CONVERSION = YES;
				GCC_WARN_ABOUT_RETURN_TYPE = YES_ERROR;
				GCC_WARN_UNDECLARED_SELECTOR = YES;
				GCC_WARN_UNINITIALIZED_AUTOS = YES_AGGRESSIVE;
				GCC_WARN_UNUSED_FUNCTION = YES;
				GCC_WARN_UNUSED_VARIABLE = YES;
				IPHONEOS_DEPLOYMENT_TARGET = 9.2;
				MTL_ENABLE_DEBUG_INFO = YES;
				ONLY_ACTIVE_ARCH = YES;
				SDKROOT = iphoneos;
				SWIFT_OPTIMIZATION_LEVEL = "-Onone";
			};
			name = Debug;
		};
		F6DD14FE1C6916AD000FBEF4 /* Release */ = {
			isa = XCBuildConfiguration;
			buildSettings = {
				ALWAYS_SEARCH_USER_PATHS = NO;
				CLANG_CXX_LANGUAGE_STANDARD = "gnu++0x";
				CLANG_CXX_LIBRARY = "libc++";
				CLANG_ENABLE_MODULES = YES;
				CLANG_ENABLE_OBJC_ARC = YES;
				CLANG_WARN_BOOL_CONVERSION = YES;
				CLANG_WARN_CONSTANT_CONVERSION = YES;
				CLANG_WARN_DIRECT_OBJC_ISA_USAGE = YES_ERROR;
				CLANG_WARN_EMPTY_BODY = YES;
				CLANG_WARN_ENUM_CONVERSION = YES;
				CLANG_WARN_INT_CONVERSION = YES;
				CLANG_WARN_OBJC_ROOT_CLASS = YES_ERROR;
				CLANG_WARN_UNREACHABLE_CODE = YES;
				CLANG_WARN__DUPLICATE_METHOD_MATCH = YES;
				"CODE_SIGN_IDENTITY[sdk=iphoneos*]" = "iPhone Developer";
				COPY_PHASE_STRIP = NO;
				DEBUG_INFORMATION_FORMAT = "dwarf-with-dsym";
				ENABLE_NS_ASSERTIONS = NO;
				ENABLE_STRICT_OBJC_MSGSEND = YES;
				GCC_C_LANGUAGE_STANDARD = gnu99;
				GCC_NO_COMMON_BLOCKS = YES;
				GCC_WARN_64_TO_32_BIT_CONVERSION = YES;
				GCC_WARN_ABOUT_RETURN_TYPE = YES_ERROR;
				GCC_WARN_UNDECLARED_SELECTOR = YES;
				GCC_WARN_UNINITIALIZED_AUTOS = YES_AGGRESSIVE;
				GCC_WARN_UNUSED_FUNCTION = YES;
				GCC_WARN_UNUSED_VARIABLE = YES;
				IPHONEOS_DEPLOYMENT_TARGET = 9.2;
				MTL_ENABLE_DEBUG_INFO = NO;
				SDKROOT = iphoneos;
				VALIDATE_PRODUCT = YES;
			};
			name = Release;
		};
		F6DD15001C6916AD000FBEF4 /* Debug */ = {
			isa = XCBuildConfiguration;
			buildSettings = {
				INFOPLIST_FILE = "SendMessage WatchKit Extension/Info.plist";
				LD_RUNPATH_SEARCH_PATHS = "$(inherited) @executable_path/Frameworks @executable_path/../../Frameworks";
				PRODUCT_BUNDLE_IDENTIFIER = com.TT.SendMessage.watchkitapp.watchkitextension;
				PRODUCT_NAME = "${TARGET_NAME}";
				SDKROOT = watchos;
				SKIP_INSTALL = YES;
				TARGETED_DEVICE_FAMILY = 4;
				WATCHOS_DEPLOYMENT_TARGET = 2.1;
			};
			name = Debug;
		};
		F6DD15011C6916AD000FBEF4 /* Release */ = {
			isa = XCBuildConfiguration;
			buildSettings = {
				INFOPLIST_FILE = "SendMessage WatchKit Extension/Info.plist";
				LD_RUNPATH_SEARCH_PATHS = "$(inherited) @executable_path/Frameworks @executable_path/../../Frameworks";
				PRODUCT_BUNDLE_IDENTIFIER = com.TT.SendMessage.watchkitapp.watchkitextension;
				PRODUCT_NAME = "${TARGET_NAME}";
				SDKROOT = watchos;
				SKIP_INSTALL = YES;
				TARGETED_DEVICE_FAMILY = 4;
				WATCHOS_DEPLOYMENT_TARGET = 2.1;
			};
			name = Release;
		};
		F6DD15041C6916AD000FBEF4 /* Debug */ = {
			isa = XCBuildConfiguration;
			buildSettings = {
				ASSETCATALOG_COMPILER_APPICON_NAME = AppIcon;
				EMBEDDED_CONTENT_CONTAINS_SWIFT = YES;
				IBSC_MODULE = SendMessage_WatchKit_Extension;
				INFOPLIST_FILE = "SendMessage WatchKit App/Info.plist";
				PRODUCT_BUNDLE_IDENTIFIER = com.TT.SendMessage.watchkitapp;
				PRODUCT_NAME = "$(TARGET_NAME)";
				SDKROOT = watchos;
				SKIP_INSTALL = YES;
				TARGETED_DEVICE_FAMILY = 4;
				WATCHOS_DEPLOYMENT_TARGET = 2.1;
			};
			name = Debug;
		};
		F6DD15051C6916AD000FBEF4 /* Release */ = {
			isa = XCBuildConfiguration;
			buildSettings = {
				ASSETCATALOG_COMPILER_APPICON_NAME = AppIcon;
				EMBEDDED_CONTENT_CONTAINS_SWIFT = YES;
				IBSC_MODULE = SendMessage_WatchKit_Extension;
				INFOPLIST_FILE = "SendMessage WatchKit App/Info.plist";
				PRODUCT_BUNDLE_IDENTIFIER = com.TT.SendMessage.watchkitapp;
				PRODUCT_NAME = "$(TARGET_NAME)";
				SDKROOT = watchos;
				SKIP_INSTALL = YES;
				TARGETED_DEVICE_FAMILY = 4;
				WATCHOS_DEPLOYMENT_TARGET = 2.1;
			};
			name = Release;
		};
		F6DD15081C6916AD000FBEF4 /* Debug */ = {
			isa = XCBuildConfiguration;
			buildSettings = {
				ASSETCATALOG_COMPILER_APPICON_NAME = AppIcon;
				INFOPLIST_FILE = SendMessage/Info.plist;
				LD_RUNPATH_SEARCH_PATHS = "$(inherited) @executable_path/Frameworks";
				PRODUCT_BUNDLE_IDENTIFIER = com.TT.SendMessage;
				PRODUCT_NAME = "$(TARGET_NAME)";
			};
			name = Debug;
		};
		F6DD15091C6916AD000FBEF4 /* Release */ = {
			isa = XCBuildConfiguration;
			buildSettings = {
				ASSETCATALOG_COMPILER_APPICON_NAME = AppIcon;
				INFOPLIST_FILE = SendMessage/Info.plist;
				LD_RUNPATH_SEARCH_PATHS = "$(inherited) @executable_path/Frameworks";
				PRODUCT_BUNDLE_IDENTIFIER = com.TT.SendMessage;
				PRODUCT_NAME = "$(TARGET_NAME)";
			};
			name = Release;
		};
/* End XCBuildConfiguration section */

/* Begin XCConfigurationList section */
		F6DD14CB1C6916AD000FBEF4 /* Build configuration list for PBXProject "SendMessage" */ = {
			isa = XCConfigurationList;
			buildConfigurations = (
				F6DD14FD1C6916AD000FBEF4 /* Debug */,
				F6DD14FE1C6916AD000FBEF4 /* Release */,
			);
			defaultConfigurationIsVisible = 0;
			defaultConfigurationName = Release;
		};
		F6DD14FF1C6916AD000FBEF4 /* Build configuration list for PBXNativeTarget "SendMessage WatchKit Extension" */ = {
			isa = XCConfigurationList;
			buildConfigurations = (
				F6DD15001C6916AD000FBEF4 /* Debug */,
				F6DD15011C6916AD000FBEF4 /* Release */,
			);
			defaultConfigurationIsVisible = 0;
		};
		F6DD15031C6916AD000FBEF4 /* Build configuration list for PBXNativeTarget "SendMessage WatchKit App" */ = {
			isa = XCConfigurationList;
			buildConfigurations = (
				F6DD15041C6916AD000FBEF4 /* Debug */,
				F6DD15051C6916AD000FBEF4 /* Release */,
			);
			defaultConfigurationIsVisible = 0;
		};
		F6DD15071C6916AD000FBEF4 /* Build configuration list for PBXNativeTarget "SendMessage" */ = {
			isa = XCConfigurationList;
			buildConfigurations = (
				F6DD15081C6916AD000FBEF4 /* Debug */,
				F6DD15091C6916AD000FBEF4 /* Release */,
			);
			defaultConfigurationIsVisible = 0;
		};
/* End XCConfigurationList section */
	};
	rootObject = F6DD14C81C6916AD000FBEF4 /* Project object */;
}
